// !$*UTF8*$!
{
	archiveVersion = 1;
	classes = {
	};
	objectVersion = 55;
	objects = {

/* Begin PBXBuildFile section */
		B57AF6A528DABD39003C291E /* MemoFooterView.swift in Sources */ = {isa = PBXBuildFile; fileRef = B57AF6A428DABD39003C291E /* MemoFooterView.swift */; };
		B590CB3D28D59F9C00F120D0 /* OptionListViewController.swift in Sources */ = {isa = PBXBuildFile; fileRef = B590CB3C28D59F9C00F120D0 /* OptionListViewController.swift */; };
		B59D470528DC402A003801E6 /* OptionTableViewCell.swift in Sources */ = {isa = PBXBuildFile; fileRef = B59D470428DC402A003801E6 /* OptionTableViewCell.swift */; };
		B5B92CBF28D8094E00564EB7 /* AddMemoViewController.swift in Sources */ = {isa = PBXBuildFile; fileRef = B5B92CBE28D8094E00564EB7 /* AddMemoViewController.swift */; };
		B5D1757D28D81A1A007429AF /* MemoCollectionViewCell.swift in Sources */ = {isa = PBXBuildFile; fileRef = B5D1757C28D81A1A007429AF /* MemoCollectionViewCell.swift */; };
		B5E6A3E928D3436E0071D6E7 /* AppDelegate.swift in Sources */ = {isa = PBXBuildFile; fileRef = B5E6A3E828D3436E0071D6E7 /* AppDelegate.swift */; };
		B5E6A3EB28D3436E0071D6E7 /* SceneDelegate.swift in Sources */ = {isa = PBXBuildFile; fileRef = B5E6A3EA28D3436E0071D6E7 /* SceneDelegate.swift */; };
		B5E6A3ED28D3436E0071D6E7 /* MemoListViewController.swift in Sources */ = {isa = PBXBuildFile; fileRef = B5E6A3EC28D3436E0071D6E7 /* MemoListViewController.swift */; };
		B5E6A3F028D3436E0071D6E7 /* Main.storyboard in Resources */ = {isa = PBXBuildFile; fileRef = B5E6A3EE28D3436E0071D6E7 /* Main.storyboard */; };
		B5E6A3F228D3436F0071D6E7 /* Assets.xcassets in Resources */ = {isa = PBXBuildFile; fileRef = B5E6A3F128D3436F0071D6E7 /* Assets.xcassets */; };
		B5E6A3F528D3436F0071D6E7 /* LaunchScreen.storyboard in Resources */ = {isa = PBXBuildFile; fileRef = B5E6A3F328D3436F0071D6E7 /* LaunchScreen.storyboard */; };
		B5E6A3FE28D344D10071D6E7 /* Memo.swift in Sources */ = {isa = PBXBuildFile; fileRef = B5E6A3FD28D344D10071D6E7 /* Memo.swift */; };
		B5E6A40328D369C90071D6E7 /* MemoItem.swift in Sources */ = {isa = PBXBuildFile; fileRef = B5E6A40228D369C90071D6E7 /* MemoItem.swift */; };
		B5ED745628DB2C910058EABE /* Option.swift in Sources */ = {isa = PBXBuildFile; fileRef = B5ED745528DB2C910058EABE /* Option.swift */; };
/* End PBXBuildFile section */

/* Begin PBXFileReference section */
		B57AF6A428DABD39003C291E /* MemoFooterView.swift */ = {isa = PBXFileReference; lastKnownFileType = sourcecode.swift; path = MemoFooterView.swift; sourceTree = "<group>"; };
		B590CB3C28D59F9C00F120D0 /* OptionListViewController.swift */ = {isa = PBXFileReference; lastKnownFileType = sourcecode.swift; path = OptionListViewController.swift; sourceTree = "<group>"; };
		B59D470428DC402A003801E6 /* OptionTableViewCell.swift */ = {isa = PBXFileReference; lastKnownFileType = sourcecode.swift; path = OptionTableViewCell.swift; sourceTree = "<group>"; };
		B5B92CBE28D8094E00564EB7 /* AddMemoViewController.swift */ = {isa = PBXFileReference; lastKnownFileType = sourcecode.swift; path = AddMemoViewController.swift; sourceTree = "<group>"; };
		B5D1757C28D81A1A007429AF /* MemoCollectionViewCell.swift */ = {isa = PBXFileReference; lastKnownFileType = sourcecode.swift; path = MemoCollectionViewCell.swift; sourceTree = "<group>"; };
		B5E6A3E528D3436E0071D6E7 /* SimpleMemo.app */ = {isa = PBXFileReference; explicitFileType = wrapper.application; includeInIndex = 0; path = SimpleMemo.app; sourceTree = BUILT_PRODUCTS_DIR; };
		B5E6A3E828D3436E0071D6E7 /* AppDelegate.swift */ = {isa = PBXFileReference; lastKnownFileType = sourcecode.swift; path = AppDelegate.swift; sourceTree = "<group>"; };
		B5E6A3EA28D3436E0071D6E7 /* SceneDelegate.swift */ = {isa = PBXFileReference; lastKnownFileType = sourcecode.swift; path = SceneDelegate.swift; sourceTree = "<group>"; };
		B5E6A3EC28D3436E0071D6E7 /* MemoListViewController.swift */ = {isa = PBXFileReference; lastKnownFileType = sourcecode.swift; path = MemoListViewController.swift; sourceTree = "<group>"; };
		B5E6A3EF28D3436E0071D6E7 /* Base */ = {isa = PBXFileReference; lastKnownFileType = file.storyboard; name = Base; path = Base.lproj/Main.storyboard; sourceTree = "<group>"; };
		B5E6A3F128D3436F0071D6E7 /* Assets.xcassets */ = {isa = PBXFileReference; lastKnownFileType = folder.assetcatalog; path = Assets.xcassets; sourceTree = "<group>"; };
		B5E6A3F428D3436F0071D6E7 /* Base */ = {isa = PBXFileReference; lastKnownFileType = file.storyboard; name = Base; path = Base.lproj/LaunchScreen.storyboard; sourceTree = "<group>"; };
		B5E6A3F628D3436F0071D6E7 /* Info.plist */ = {isa = PBXFileReference; lastKnownFileType = text.plist.xml; path = Info.plist; sourceTree = "<group>"; };
		B5E6A3FD28D344D10071D6E7 /* Memo.swift */ = {isa = PBXFileReference; lastKnownFileType = sourcecode.swift; path = Memo.swift; sourceTree = "<group>"; };
		B5E6A40228D369C90071D6E7 /* MemoItem.swift */ = {isa = PBXFileReference; lastKnownFileType = sourcecode.swift; path = MemoItem.swift; sourceTree = "<group>"; };
		B5ED745528DB2C910058EABE /* Option.swift */ = {isa = PBXFileReference; lastKnownFileType = sourcecode.swift; path = Option.swift; sourceTree = "<group>"; };
/* End PBXFileReference section */

/* Begin PBXFrameworksBuildPhase section */
		B5E6A3E228D3436E0071D6E7 /* Frameworks */ = {
			isa = PBXFrameworksBuildPhase;
			buildActionMask = 2147483647;
			files = (
			);
			runOnlyForDeploymentPostprocessing = 0;
		};
/* End PBXFrameworksBuildPhase section */

/* Begin PBXGroup section */
		B590CB3428D4AFFA00F120D0 /* Controllers */ = {
			isa = PBXGroup;
			children = (
				B5E6A3EC28D3436E0071D6E7 /* MemoListViewController.swift */,
				B590CB3C28D59F9C00F120D0 /* OptionListViewController.swift */,
				B5B92CBE28D8094E00564EB7 /* AddMemoViewController.swift */,
			);
			path = Controllers;
			sourceTree = "<group>";
		};
		B590CB3528D4B00C00F120D0 /* Views */ = {
			isa = PBXGroup;
			children = (
				B5D1757C28D81A1A007429AF /* MemoCollectionViewCell.swift */,
				B57AF6A428DABD39003C291E /* MemoFooterView.swift */,
				B59D470428DC402A003801E6 /* OptionTableViewCell.swift */,
			);
			path = Views;
			sourceTree = "<group>";
		};
		B5E6A3DC28D3436E0071D6E7 = {
			isa = PBXGroup;
			children = (
				B5E6A3E728D3436E0071D6E7 /* SimpleMemo */,
				B5E6A3E628D3436E0071D6E7 /* Products */,
			);
			sourceTree = "<group>";
		};
		B5E6A3E628D3436E0071D6E7 /* Products */ = {
			isa = PBXGroup;
			children = (
				B5E6A3E528D3436E0071D6E7 /* SimpleMemo.app */,
			);
			name = Products;
			sourceTree = "<group>";
		};
		B5E6A3E728D3436E0071D6E7 /* SimpleMemo */ = {
			isa = PBXGroup;
			children = (
				B5E6A3FF28D3460D0071D6E7 /* Extensions */,
				B5E6A3FC28D344C50071D6E7 /* Models */,
				B590CB3528D4B00C00F120D0 /* Views */,
				B590CB3428D4AFFA00F120D0 /* Controllers */,
				B5E6A3E828D3436E0071D6E7 /* AppDelegate.swift */,
				B5E6A3EA28D3436E0071D6E7 /* SceneDelegate.swift */,
				B5E6A3EE28D3436E0071D6E7 /* Main.storyboard */,
				B5E6A3F128D3436F0071D6E7 /* Assets.xcassets */,
				B5E6A3F328D3436F0071D6E7 /* LaunchScreen.storyboard */,
				B5E6A3F628D3436F0071D6E7 /* Info.plist */,
			);
			path = SimpleMemo;
			sourceTree = "<group>";
		};
		B5E6A3FC28D344C50071D6E7 /* Models */ = {
			isa = PBXGroup;
			children = (
				B5E6A3FD28D344D10071D6E7 /* Memo.swift */,
				B5E6A40228D369C90071D6E7 /* MemoItem.swift */,
				B5ED745528DB2C910058EABE /* Option.swift */,
			);
			path = Models;
			sourceTree = "<group>";
		};
		B5E6A3FF28D3460D0071D6E7 /* Extensions */ = {
			isa = PBXGroup;
			children = (
			);
			path = Extensions;
			sourceTree = "<group>";
		};
/* End PBXGroup section */

/* Begin PBXNativeTarget section */
		B5E6A3E428D3436E0071D6E7 /* SimpleMemo */ = {
			isa = PBXNativeTarget;
			buildConfigurationList = B5E6A3F928D3436F0071D6E7 /* Build configuration list for PBXNativeTarget "SimpleMemo" */;
			buildPhases = (
				B5E6A3E128D3436E0071D6E7 /* Sources */,
				B5E6A3E228D3436E0071D6E7 /* Frameworks */,
				B5E6A3E328D3436E0071D6E7 /* Resources */,
			);
			buildRules = (
			);
			dependencies = (
			);
			name = SimpleMemo;
			productName = SimpleMemo;
			productReference = B5E6A3E528D3436E0071D6E7 /* SimpleMemo.app */;
			productType = "com.apple.product-type.application";
		};
/* End PBXNativeTarget section */

/* Begin PBXProject section */
		B5E6A3DD28D3436E0071D6E7 /* Project object */ = {
			isa = PBXProject;
			attributes = {
				BuildIndependentTargetsInParallel = 1;
				LastSwiftUpdateCheck = 1340;
				LastUpgradeCheck = 1340;
				TargetAttributes = {
					B5E6A3E428D3436E0071D6E7 = {
						CreatedOnToolsVersion = 13.4.1;
					};
				};
			};
			buildConfigurationList = B5E6A3E028D3436E0071D6E7 /* Build configuration list for PBXProject "SimpleMemo" */;
			compatibilityVersion = "Xcode 13.0";
			developmentRegion = en;
			hasScannedForEncodings = 0;
			knownRegions = (
				en,
				Base,
			);
			mainGroup = B5E6A3DC28D3436E0071D6E7;
			productRefGroup = B5E6A3E628D3436E0071D6E7 /* Products */;
			projectDirPath = "";
			projectRoot = "";
			targets = (
				B5E6A3E428D3436E0071D6E7 /* SimpleMemo */,
			);
		};
/* End PBXProject section */

/* Begin PBXResourcesBuildPhase section */
		B5E6A3E328D3436E0071D6E7 /* Resources */ = {
			isa = PBXResourcesBuildPhase;
			buildActionMask = 2147483647;
			files = (
				B5E6A3F528D3436F0071D6E7 /* LaunchScreen.storyboard in Resources */,
				B5E6A3F228D3436F0071D6E7 /* Assets.xcassets in Resources */,
				B5E6A3F028D3436E0071D6E7 /* Main.storyboard in Resources */,
			);
			runOnlyForDeploymentPostprocessing = 0;
		};
/* End PBXResourcesBuildPhase section */

/* Begin PBXSourcesBuildPhase section */
		B5E6A3E128D3436E0071D6E7 /* Sources */ = {
			isa = PBXSourcesBuildPhase;
			buildActionMask = 2147483647;
			files = (
				B5D1757D28D81A1A007429AF /* MemoCollectionViewCell.swift in Sources */,
				B5E6A3ED28D3436E0071D6E7 /* MemoListViewController.swift in Sources */,
				B5B92CBF28D8094E00564EB7 /* AddMemoViewController.swift in Sources */,
				B5ED745628DB2C910058EABE /* Option.swift in Sources */,
				B5E6A40328D369C90071D6E7 /* MemoItem.swift in Sources */,
				B5E6A3E928D3436E0071D6E7 /* AppDelegate.swift in Sources */,
				B5E6A3EB28D3436E0071D6E7 /* SceneDelegate.swift in Sources */,
				B590CB3D28D59F9C00F120D0 /* OptionListViewController.swift in Sources */,
				B57AF6A528DABD39003C291E /* MemoFooterView.swift in Sources */,
				B59D470528DC402A003801E6 /* OptionTableViewCell.swift in Sources */,
				B5E6A3FE28D344D10071D6E7 /* Memo.swift in Sources */,
			);
			runOnlyForDeploymentPostprocessing = 0;
		};
/* End PBXSourcesBuildPhase section */

/* Begin PBXVariantGroup section */
		B5E6A3EE28D3436E0071D6E7 /* Main.storyboard */ = {
			isa = PBXVariantGroup;
			children = (
				B5E6A3EF28D3436E0071D6E7 /* Base */,
			);
			name = Main.storyboard;
			sourceTree = "<group>";
		};
		B5E6A3F328D3436F0071D6E7 /* LaunchScreen.storyboard */ = {
			isa = PBXVariantGroup;
			children = (
				B5E6A3F428D3436F0071D6E7 /* Base */,
			);
			name = LaunchScreen.storyboard;
			sourceTree = "<group>";
		};
/* End PBXVariantGroup section */

/* Begin XCBuildConfiguration section */
		B5E6A3F728D3436F0071D6E7 /* Debug */ = {
			isa = XCBuildConfiguration;
			buildSettings = {
				ALWAYS_SEARCH_USER_PATHS = NO;
				CLANG_ANALYZER_NONNULL = YES;
				CLANG_ANALYZER_NUMBER_OBJECT_CONVERSION = YES_AGGRESSIVE;
				CLANG_CXX_LANGUAGE_STANDARD = "gnu++17";
				CLANG_ENABLE_MODULES = YES;
				CLANG_ENABLE_OBJC_ARC = YES;
				CLANG_ENABLE_OBJC_WEAK = YES;
				CLANG_WARN_BLOCK_CAPTURE_AUTORELEASING = YES;
				CLANG_WARN_BOOL_CONVERSION = YES;
				CLANG_WARN_COMMA = YES;
				CLANG_WARN_CONSTANT_CONVERSION = YES;
				CLANG_WARN_DEPRECATED_OBJC_IMPLEMENTATIONS = YES;
				CLANG_WARN_DIRECT_OBJC_ISA_USAGE = YES_ERROR;
				CLANG_WARN_DOCUMENTATION_COMMENTS = YES;
				CLANG_WARN_EMPTY_BODY = YES;
				CLANG_WARN_ENUM_CONVERSION = YES;
				CLANG_WARN_INFINITE_RECURSION = YES;
				CLANG_WARN_INT_CONVERSION = YES;
				CLANG_WARN_NON_LITERAL_NULL_CONVERSION = YES;
				CLANG_WARN_OBJC_IMPLICIT_RETAIN_SELF = YES;
				CLANG_WARN_OBJC_LITERAL_CONVERSION = YES;
				CLANG_WARN_OBJC_ROOT_CLASS = YES_ERROR;
				CLANG_WARN_QUOTED_INCLUDE_IN_FRAMEWORK_HEADER = YES;
				CLANG_WARN_RANGE_LOOP_ANALYSIS = YES;
				CLANG_WARN_STRICT_PROTOTYPES = YES;
				CLANG_WARN_SUSPICIOUS_MOVE = YES;
				CLANG_WARN_UNGUARDED_AVAILABILITY = YES_AGGRESSIVE;
				CLANG_WARN_UNREACHABLE_CODE = YES;
				CLANG_WARN__DUPLICATE_METHOD_MATCH = YES;
				COPY_PHASE_STRIP = NO;
				DEBUG_INFORMATION_FORMAT = dwarf;
				ENABLE_STRICT_OBJC_MSGSEND = YES;
				ENABLE_TESTABILITY = YES;
				GCC_C_LANGUAGE_STANDARD = gnu11;
				GCC_DYNAMIC_NO_PIC = NO;
				GCC_NO_COMMON_BLOCKS = YES;
				GCC_OPTIMIZATION_LEVEL = 0;
				GCC_PREPROCESSOR_DEFINITIONS = (
					"DEBUG=1",
					"$(inherited)",
				);
				GCC_WARN_64_TO_32_BIT_CONVERSION = YES;
				GCC_WARN_ABOUT_RETURN_TYPE = YES_ERROR;
				GCC_WARN_UNDECLARED_SELECTOR = YES;
				GCC_WARN_UNINITIALIZED_AUTOS = YES_AGGRESSIVE;
				GCC_WARN_UNUSED_FUNCTION = YES;
				GCC_WARN_UNUSED_VARIABLE = YES;
				IPHONEOS_DEPLOYMENT_TARGET = 15.5;
				MTL_ENABLE_DEBUG_INFO = INCLUDE_SOURCE;
				MTL_FAST_MATH = YES;
				ONLY_ACTIVE_ARCH = YES;
				SDKROOT = iphoneos;
				SWIFT_ACTIVE_COMPILATION_CONDITIONS = DEBUG;
				SWIFT_OPTIMIZATION_LEVEL = "-Onone";
			};
			name = Debug;
		};
		B5E6A3F828D3436F0071D6E7 /* Release */ = {
			isa = XCBuildConfiguration;
			buildSettings = {
				ALWAYS_SEARCH_USER_PATHS = NO;
				CLANG_ANALYZER_NONNULL = YES;
				CLANG_ANALYZER_NUMBER_OBJECT_CONVERSION = YES_AGGRESSIVE;
				CLANG_CXX_LANGUAGE_STANDARD = "gnu++17";
				CLANG_ENABLE_MODULES = YES;
				CLANG_ENABLE_OBJC_ARC = YES;
				CLANG_ENABLE_OBJC_WEAK = YES;
				CLANG_WARN_BLOCK_CAPTURE_AUTORELEASING = YES;
				CLANG_WARN_BOOL_CONVERSION = YES;
				CLANG_WARN_COMMA = YES;
				CLANG_WARN_CONSTANT_CONVERSION = YES;
				CLANG_WARN_DEPRECATED_OBJC_IMPLEMENTATIONS = YES;
				CLANG_WARN_DIRECT_OBJC_ISA_USAGE = YES_ERROR;
				CLANG_WARN_DOCUMENTATION_COMMENTS = YES;
				CLANG_WARN_EMPTY_BODY = YES;
				CLANG_WARN_ENUM_CONVERSION = YES;
				CLANG_WARN_INFINITE_RECURSION = YES;
				CLANG_WARN_INT_CONVERSION = YES;
				CLANG_WARN_NON_LITERAL_NULL_CONVERSION = YES;
				CLANG_WARN_OBJC_IMPLICIT_RETAIN_SELF = YES;
				CLANG_WARN_OBJC_LITERAL_CONVERSION = YES;
				CLANG_WARN_OBJC_ROOT_CLASS = YES_ERROR;
				CLANG_WARN_QUOTED_INCLUDE_IN_FRAMEWORK_HEADER = YES;
				CLANG_WARN_RANGE_LOOP_ANALYSIS = YES;
				CLANG_WARN_STRICT_PROTOTYPES = YES;
				CLANG_WARN_SUSPICIOUS_MOVE = YES;
				CLANG_WARN_UNGUARDED_AVAILABILITY = YES_AGGRESSIVE;
				CLANG_WARN_UNREACHABLE_CODE = YES;
				CLANG_WARN__DUPLICATE_METHOD_MATCH = YES;
				COPY_PHASE_STRIP = NO;
				DEBUG_INFORMATION_FORMAT = "dwarf-with-dsym";
				ENABLE_NS_ASSERTIONS = NO;
				ENABLE_STRICT_OBJC_MSGSEND = YES;
				GCC_C_LANGUAGE_STANDARD = gnu11;
				GCC_NO_COMMON_BLOCKS = YES;
				GCC_WARN_64_TO_32_BIT_CONVERSION = YES;
				GCC_WARN_ABOUT_RETURN_TYPE = YES_ERROR;
				GCC_WARN_UNDECLARED_SELECTOR = YES;
				GCC_WARN_UNINITIALIZED_AUTOS = YES_AGGRESSIVE;
				GCC_WARN_UNUSED_FUNCTION = YES;
				GCC_WARN_UNUSED_VARIABLE = YES;
				IPHONEOS_DEPLOYMENT_TARGET = 15.5;
				MTL_ENABLE_DEBUG_INFO = NO;
				MTL_FAST_MATH = YES;
				SDKROOT = iphoneos;
				SWIFT_COMPILATION_MODE = wholemodule;
				SWIFT_OPTIMIZATION_LEVEL = "-O";
				VALIDATE_PRODUCT = YES;
			};
			name = Release;
		};
		B5E6A3FA28D3436F0071D6E7 /* Debug */ = {
			isa = XCBuildConfiguration;
			buildSettings = {
				ASSETCATALOG_COMPILER_APPICON_NAME = AppIcon;
				ASSETCATALOG_COMPILER_GLOBAL_ACCENT_COLOR_NAME = AccentColor;
				CODE_SIGN_STYLE = Automatic;
				CURRENT_PROJECT_VERSION = 1;
				DEVELOPMENT_TEAM = Y7G824SH3W;
				GENERATE_INFOPLIST_FILE = YES;
				INFOPLIST_FILE = SimpleMemo/Info.plist;
				INFOPLIST_KEY_UIApplicationSupportsIndirectInputEvents = YES;
				INFOPLIST_KEY_UILaunchStoryboardName = LaunchScreen;
				INFOPLIST_KEY_UIMainStoryboardFile = Main;
				INFOPLIST_KEY_UISupportedInterfaceOrientations_iPad = "UIInterfaceOrientationPortrait UIInterfaceOrientationPortraitUpsideDown UIInterfaceOrientationLandscapeLeft UIInterfaceOrientationLandscapeRight";
				INFOPLIST_KEY_UISupportedInterfaceOrientations_iPhone = "UIInterfaceOrientationPortrait UIInterfaceOrientationLandscapeLeft UIInterfaceOrientationLandscapeRight";
				LD_RUNPATH_SEARCH_PATHS = (
					"$(inherited)",
					"@executable_path/Frameworks",
				);
				MARKETING_VERSION = 1.0;
				PRODUCT_BUNDLE_IDENTIFIER = developer.cozy.SimpleMemo;
				PRODUCT_NAME = "$(TARGET_NAME)";
				SWIFT_EMIT_LOC_STRINGS = YES;
				SWIFT_VERSION = 5.0;
				TARGETED_DEVICE_FAMILY = "1,2";
			};
			name = Debug;
		};
		B5E6A3FB28D3436F0071D6E7 /* Release */ = {
			isa = XCBuildConfiguration;
			buildSettings = {
				ASSETCATALOG_COMPILER_APPICON_NAME = AppIcon;
				ASSETCATALOG_COMPILER_GLOBAL_ACCENT_COLOR_NAME = AccentColor;
				CODE_SIGN_STYLE = Automatic;
				CURRENT_PROJECT_VERSION = 1;
				DEVELOPMENT_TEAM = Y7G824SH3W;
				GENERATE_INFOPLIST_FILE = YES;
				INFOPLIST_FILE = SimpleMemo/Info.plist;
				INFOPLIST_KEY_UIApplicationSupportsIndirectInputEvents = YES;
				INFOPLIST_KEY_UILaunchStoryboardName = LaunchScreen;
				INFOPLIST_KEY_UIMainStoryboardFile = Main;
				INFOPLIST_KEY_UISupportedInterfaceOrientations_iPad = "UIInterfaceOrientationPortrait UIInterfaceOrientationPortraitUpsideDown UIInterfaceOrientationLandscapeLeft UIInterfaceOrientationLandscapeRight";
				INFOPLIST_KEY_UISupportedInterfaceOrientations_iPhone = "UIInterfaceOrientationPortrait UIInterfaceOrientationLandscapeLeft UIInterfaceOrientationLandscapeRight";
				LD_RUNPATH_SEARCH_PATHS = (
					"$(inherited)",
					"@executable_path/Frameworks",
				);
				MARKETING_VERSION = 1.0;
				PRODUCT_BUNDLE_IDENTIFIER = developer.cozy.SimpleMemo;
				PRODUCT_NAME = "$(TARGET_NAME)";
				SWIFT_EMIT_LOC_STRINGS = YES;
				SWIFT_VERSION = 5.0;
				TARGETED_DEVICE_FAMILY = "1,2";
			};
			name = Release;
		};
/* End XCBuildConfiguration section */

/* Begin XCConfigurationList section */
		B5E6A3E028D3436E0071D6E7 /* Build configuration list for PBXProject "SimpleMemo" */ = {
			isa = XCConfigurationList;
			buildConfigurations = (
				B5E6A3F728D3436F0071D6E7 /* Debug */,
				B5E6A3F828D3436F0071D6E7 /* Release */,
			);
			defaultConfigurationIsVisible = 0;
			defaultConfigurationName = Release;
		};
		B5E6A3F928D3436F0071D6E7 /* Build configuration list for PBXNativeTarget "SimpleMemo" */ = {
			isa = XCConfigurationList;
			buildConfigurations = (
				B5E6A3FA28D3436F0071D6E7 /* Debug */,
				B5E6A3FB28D3436F0071D6E7 /* Release */,
			);
			defaultConfigurationIsVisible = 0;
			defaultConfigurationName = Release;
		};
/* End XCConfigurationList section */
	};
	rootObject = B5E6A3DD28D3436E0071D6E7 /* Project object */;
}
